{
    "_meta": {
        "hash": {
            "sha256": "812e413ae6058a4bb2bed6482b7f931dc87ddaff705488fb4fafd28a7a8fcc00"
        },
        "pipfile-spec": 6,
        "requires": {
            "python_version": "3.9"
        },
        "sources": [
            {
                "name": "pypi",
                "url": "https://pypi.org/simple",
                "verify_ssl": true
            }
        ]
    },
    "default": {
        "imdbpy": {
            "git": "https://github.com/alberanid/imdbpy",
            "ref": "88cf37772186e275eff212857f512669086b382c"
        },
        "lxml": {
            "hashes": [
                "sha256:0607ff0988ad7e173e5ddf7bf55ee65534bd18a5461183c33e8e41a59e89edf4",
                "sha256:09b738360af8cb2da275998a8bf79517a71225b0de41ab47339c2beebfff025f",
                "sha256:0a5f0e4747f31cff87d1eb32a6000bde1e603107f632ef4666be0dc065889c7a",
                "sha256:0b5e96e25e70917b28a5391c2ed3ffc6156513d3db0e1476c5253fcd50f7a944",
                "sha256:1104a8d47967a414a436007c52f533e933e5d52574cab407b1e49a4e9b5ddbd1",
                "sha256:13dbb5c7e8f3b6a2cf6e10b0948cacb2f4c9eb05029fe31c60592d08ac63180d",
                "sha256:2a906c3890da6a63224d551c2967413b8790a6357a80bf6b257c9a7978c2c42d",
                "sha256:317bd63870b4d875af3c1be1b19202de34c32623609ec803b81c99193a788c1e",
                "sha256:34c22eb8c819d59cec4444d9eebe2e38b95d3dcdafe08965853f8799fd71161d",
                "sha256:36b16fecb10246e599f178dd74f313cbdc9f41c56e77d52100d1361eed24f51a",
                "sha256:38d9759733aa04fb1697d717bfabbedb21398046bd07734be7cccc3d19ea8675",
                "sha256:3e26ad9bc48d610bf6cc76c506b9e5ad9360ed7a945d9be3b5b2c8535a0145e3",
                "sha256:41358bfd24425c1673f184d7c26c6ae91943fe51dfecc3603b5e08187b4bcc55",
                "sha256:447d5009d6b5447b2f237395d0018901dcc673f7d9f82ba26c1b9f9c3b444b60",
                "sha256:44f552e0da3c8ee3c28e2eb82b0b784200631687fc6a71277ea8ab0828780e7d",
                "sha256:490712b91c65988012e866c411a40cc65b595929ececf75eeb4c79fcc3bc80a6",
                "sha256:4c093c571bc3da9ebcd484e001ba18b8452903cd428c0bc926d9b0141bcb710e",
                "sha256:50d3dba341f1e583265c1a808e897b4159208d814ab07530202b6036a4d86da5",
                "sha256:534e946bce61fd162af02bad7bfd2daec1521b71d27238869c23a672146c34a5",
                "sha256:585ea241ee4961dc18a95e2f5581dbc26285fcf330e007459688096f76be8c42",
                "sha256:59e7da839a1238807226f7143c68a479dee09244d1b3cf8c134f2fce777d12d0",
                "sha256:5b0f782f0e03555c55e37d93d7a57454efe7495dab33ba0ccd2dbe25fc50f05d",
                "sha256:5bee1b0cbfdb87686a7fb0e46f1d8bd34d52d6932c0723a86de1cc532b1aa489",
                "sha256:610807cea990fd545b1559466971649e69302c8a9472cefe1d6d48a1dee97440",
                "sha256:6308062534323f0d3edb4e702a0e26a76ca9e0e23ff99be5d82750772df32a9e",
                "sha256:67fa5f028e8a01e1d7944a9fb616d1d0510d5d38b0c41708310bd1bc45ae89f6",
                "sha256:6a2ab9d089324d77bb81745b01f4aeffe4094306d939e92ba5e71e9a6b99b71e",
                "sha256:6c198bfc169419c09b85ab10cb0f572744e686f40d1e7f4ed09061284fc1303f",
                "sha256:6e56521538f19c4a6690f439fefed551f0b296bd785adc67c1777c348beb943d",
                "sha256:6ec829058785d028f467be70cd195cd0aaf1a763e4d09822584ede8c9eaa4b03",
                "sha256:718d7208b9c2d86aaf0294d9381a6acb0158b5ff0f3515902751404e318e02c9",
                "sha256:735e3b4ce9c0616e85f302f109bdc6e425ba1670a73f962c9f6b98a6d51b77c9",
                "sha256:772057fba283c095db8c8ecde4634717a35c47061d24f889468dc67190327bcd",
                "sha256:7b5e2acefd33c259c4a2e157119c4373c8773cf6793e225006a1649672ab47a6",
                "sha256:82d16a64236970cb93c8d63ad18c5b9f138a704331e4b916b2737ddfad14e0c4",
                "sha256:87c1b0496e8c87ec9db5383e30042357b4839b46c2d556abd49ec770ce2ad868",
                "sha256:8e54945dd2eeb50925500957c7c579df3cd07c29db7810b83cf30495d79af267",
                "sha256:9393a05b126a7e187f3e38758255e0edf948a65b22c377414002d488221fdaa2",
                "sha256:9fbc0dee7ff5f15c4428775e6fa3ed20003140560ffa22b88326669d53b3c0f4",
                "sha256:a1613838aa6b89af4ba10a0f3a972836128801ed008078f8c1244e65958f1b24",
                "sha256:a1bbc4efa99ed1310b5009ce7f3a1784698082ed2c1ef3895332f5df9b3b92c2",
                "sha256:a555e06566c6dc167fbcd0ad507ff05fd9328502aefc963cb0a0547cfe7f00db",
                "sha256:a58d78653ae422df6837dd4ca0036610b8cb4962b5cfdbd337b7b24de9e5f98a",
                "sha256:a5edc58d631170de90e50adc2cc0248083541affef82f8cd93bea458e4d96db8",
                "sha256:a5f623aeaa24f71fce3177d7fee875371345eb9102b355b882243e33e04b7175",
                "sha256:adaab25be351fff0d8a691c4f09153647804d09a87a4e4ea2c3f9fe9e8651851",
                "sha256:ade74f5e3a0fd17df5782896ddca7ddb998845a5f7cd4b0be771e1ffc3b9aa5b",
                "sha256:b1d381f58fcc3e63fcc0ea4f0a38335163883267f77e4c6e22d7a30877218a0e",
                "sha256:bf6005708fc2e2c89a083f258b97709559a95f9a7a03e59f805dd23c93bc3986",
                "sha256:d546431636edb1d6a608b348dd58cc9841b81f4116745857b6cb9f8dadb2725f",
                "sha256:d5618d49de6ba63fe4510bdada62d06a8acfca0b4b5c904956c777d28382b419",
                "sha256:dfd0d464f3d86a1460683cd742306d1138b4e99b79094f4e07e1ca85ee267fe7",
                "sha256:e18281a7d80d76b66a9f9e68a98cf7e1d153182772400d9a9ce855264d7d0ce7",
                "sha256:e410cf3a2272d0a85526d700782a2fa92c1e304fdcc519ba74ac80b8297adf36",
                "sha256:e662c6266e3a275bdcb6bb049edc7cd77d0b0f7e119a53101d367c841afc66dc",
                "sha256:ec9027d0beb785a35aa9951d14e06d48cfbf876d8ff67519403a2522b181943b",
                "sha256:eed394099a7792834f0cb4a8f615319152b9d801444c1c9e1b1a2c36d2239f9e",
                "sha256:f76dbe44e31abf516114f6347a46fa4e7c2e8bceaa4b6f7ee3a0a03c8eba3c17",
                "sha256:fc15874816b9320581133ddc2096b644582ab870cf6a6ed63684433e7af4b0d3",
                "sha256:fc9fb11b65e7bc49f7f75aaba1b700f7181d95d4e151cf2f24d51bfd14410b77"
            ],
            "markers": "python_version >= '2.7' and python_version not in '3.0, 3.1, 3.2, 3.3, 3.4'",
            "version": "==4.7.1"
        },
        "sqlalchemy": {
            "hashes": [
                "sha256:0072f9887aabe66db23f818bbe950cfa1b6127c5cb769b00bcc07935b3adb0ad",
                "sha256:027f356c727db24f3c75828c7feb426f87ce1241242d08958e454bd025810660",
                "sha256:08cfd35eecaba79be930c9bfd2e1f0c67a7e1314355d83a378f9a512b1cf7587",
                "sha256:0fc4eec2f46b40bdd42112b3be3fbbf88e194bcf02950fbb88bcdc1b32f07dc7",
                "sha256:101d2e100ba9182c9039699588e0b2d833c54b3bad46c67c192159876c9f27ea",
                "sha256:15b65887b6c324cad638c7671cb95985817b733242a7eb69edd7cdf6953be1e0",
                "sha256:37b46bfc4af3dc226acb6fa28ecd2e1fd223433dc5e15a2bad62bf0a0cbb4e8b",
                "sha256:56d9d62021946263d4478c9ca012fbd1805f10994cb615c88e7bfd1ae14604d8",
                "sha256:5919e647e1d4805867ea556ed4967c68b4d8b266059fa35020dbaed8ffdd60f3",
                "sha256:5a717c2e70fd1bb477161c4cc85258e41d978584fbe5522613618195f7e87d9b",
                "sha256:5e9cd33459afa69c88fa648e803d1f1245e3caa60bfe8b80a9595e5edd3bda9c",
                "sha256:621854dbb4d2413c759a5571564170de45ef37299df52e78e62b42e2880192e1",
                "sha256:78abc507d17753ed434b6cc0c0693126279723d5656d9775bfcac966a99a899b",
                "sha256:7dd0502cb091660ad0d89c5e95a29825f37cde2a5249957838e975871fbffaad",
                "sha256:804e22d5b6165a4f3f019dd9c94bec5687de985a9c54286b93ded9f7846b8c82",
                "sha256:878daecb6405e786b07f97e1c77a9cfbbbec17432e8a90c487967e32cfdecb33",
                "sha256:886359f734b95ad1ef443b13bb4518bcade4db4f9553c9ce33d6d04ebda8d44e",
                "sha256:9ce960a1dc60524136cf6f75621588e2508a117e04a6e3eedb0968bd13b8c824",
                "sha256:ad618d687d26d4cbfa9c6fa6141d59e05bcdfc60cb6e1f1d3baa18d8c62fef5f",
                "sha256:c5de7adfb91d351f44062b8dedf29f49d4af7cb765be65816e79223a4e31062b",
                "sha256:ceac84dd9abbbe115e8be0c817bed85d9fa639b4d294e7817f9e61162d5f766c",
                "sha256:da64423c05256f4ab8c0058b90202053b201cbe3a081f3a43eb590cd554395ab",
                "sha256:dc27dcc6c72eb38be7f144e9c2c4372d35a3684d3a6dd43bd98c1238358ee17c",
                "sha256:dd49d21d1f03c81fbec9080ecdc4486d5ddda67e7fbb75ebf48294465c022cdc",
                "sha256:debaf09a823061f88a8dee04949814cf7e82fb394c5bca22c780cb03172ca23b",
                "sha256:e027bdf0a4cf6bd0a3ad3b998643ea374d7991bd117b90bf9982e41ceb742941",
                "sha256:e4ddd4f2e247128c58bb3dd4489922874afce157d2cff0b2295d67fcd0f22494",
                "sha256:e5f6959466a42b6569774c257e55f9cd85200d5b0ba09f0f5d8b5845349c5822",
                "sha256:e89347d3bd2ef873832b47e85f4bbd810a5e626c5e749d90a07638da100eb1c8",
                "sha256:e9cc6d844e24c307c3272677982a9b33816aeb45e4977791c3bdd47637a8d810",
                "sha256:eb8c993706e86178ce15a6b86a335a2064f52254b640e7f53365e716423d33f4",
                "sha256:eeaebceb24b46e884c4ad3c04f37feb178b81f6ce720af19bfa2592ca32fdef7",
                "sha256:f3909194751bb6cb7c5511dd18bcf77e6e3f0b31604ed4004dffa9461f71e737",
                "sha256:f74d6c05d2d163464adbdfbc1ab85048cc15462ff7d134b8aed22bd521e1faa5",
                "sha256:fa2bad14e1474ba649cfc969c1d2ec915dd3e79677f346bbfe08e93ef9020b39",
                "sha256:fbc6e63e481fa323036f305ada96a3362e1d60dd2bfa026cac10c3553e6880e9"
            ],
            "markers": "python_version >= '2.7' and python_version not in '3.0, 3.1, 3.2, 3.3, 3.4, 3.5'",
            "version": "==1.4.29"
        }
    },
    "develop": {}
}
